<?xml version="1.0" encoding="utf-8"?>
<Project ToolsVersion="4.0" xmlns="http://schemas.microsoft.com/developer/msbuild/2003">
  <ItemGroup>
    <Filter Include="Source Files">
      <UniqueIdentifier>{4FC737F1-C7A5-4376-A066-2A32D752A2FF}</UniqueIdentifier>
      <Extensions>cpp;c;cc;cxx;def;odl;idl;hpj;bat;asm;asmx</Extensions>
    </Filter>
    <Filter Include="Header Files">
      <UniqueIdentifier>{93995380-89BD-4b04-88EB-625FBE52EBFB}</UniqueIdentifier>
      <Extensions>h;hh;hpp;hxx;hm;inl;inc;xsd</Extensions>
    </Filter>
    <Filter Include="Misc Files">
      <UniqueIdentifier>{67DA6AB6-F800-4c08-8B7A-83BB121AAD01}</UniqueIdentifier>
      <Extensions>xml;json;txt;rc;ico;cur;bmp;dlg;rc2;rct;bin;rgs;gif;jpg;jpeg;jpe;resx;tiff;tif;png;wav;mfcribbon-ms</Extensions>
    </Filter>
    <Filter Include="Header Files\Sensors">
      <UniqueIdentifier>{06f5169c-5cf6-4df5-ae4f-e977458309ae}</UniqueIdentifier>
    </Filter>
    <Filter Include="Source Files\Sensors">
      <UniqueIdentifier>{8ba0e5d7-64eb-4187-99e0-0b01acfbc9ec}</UniqueIdentifier>
    </Filter>
    <Filter Include="Header Files\SerialConnection">
      <UniqueIdentifier>{ec89abe4-bf79-42a3-9461-61202d8f55df}</UniqueIdentifier>
    </Filter>
    <Filter Include="Source Files\SerialConnection">
      <UniqueIdentifier>{9af1e65c-5ed9-4002-9cc9-0d265b79854d}</UniqueIdentifier>
    </Filter>
    <Filter Include="Header Files\Logic">
      <UniqueIdentifier>{92c362f1-7bc5-445f-9006-405320c59eb0}</UniqueIdentifier>
    </Filter>
    <Filter Include="Source Files\Logic">
      <UniqueIdentifier>{d7893168-b870-4a34-9de2-f20338ecb48b}</UniqueIdentifier>
    </Filter>
  </ItemGroup>
  <ItemGroup>
    <None Include="AIEProject.ino" />
    <None Include="src\arduino folders read me.txt">
      <Filter>Misc Files</Filter>
    </None>
  </ItemGroup>
  <ItemGroup>
    <ClInclude Include="__vm\.AIEProject.vsarduino.h">
      <Filter>Header Files</Filter>
    </ClInclude>
    <ClInclude Include="CurrentSensor.h">
      <Filter>Header Files</Filter>
    </ClInclude>
    <ClInclude Include="TemperatureSensor.h">
      <Filter>Header Files</Filter>
    </ClInclude>
    <ClInclude Include="VoltageSensor.h">
      <Filter>Header Files</Filter>
    </ClInclude>
    <ClInclude Include="Gyroscope.h">
      <Filter>Header Files</Filter>
    </ClInclude>
    <ClInclude Include="SerialConnection.h">
      <Filter>Header Files\SerialConnection</Filter>
    </ClInclude>
    <ClInclude Include="CoreService.h">
      <Filter>Header Files\Logic</Filter>
    </ClInclude>
    <ClInclude Include="PINs.h">
      <Filter>Header Files</Filter>
    </ClInclude>
    <ClInclude Include="ICurrentSensor.h">
      <Filter>Header Files</Filter>
    </ClInclude>
  </ItemGroup>
  <ItemGroup>
    <ClCompile Include="CurrentSensor.cpp">
      <Filter>Source Files</Filter>
    </ClCompile>
    <ClCompile Include="TemperatureSensor.cpp">
      <Filter>Source Files</Filter>
    </ClCompile>
    <ClCompile Include="VoltageSensor.cpp">
      <Filter>Source Files</Filter>
    </ClCompile>
    <ClCompile Include="Gyroscope.cpp">
      <Filter>Source Files</Filter>
    </ClCompile>
    <ClCompile Include="SerialConnection.cpp">
      <Filter>Source Files\SerialConnection</Filter>
    </ClCompile>
    <ClCompile Include="CoreService.cpp">
      <Filter>Source Files\Logic</Filter>
    </ClCompile>
  </ItemGroup>
</Project>