<?xml version="1.0" encoding="utf-8"?>
<Project ToolsVersion="4.0" xmlns="http://schemas.microsoft.com/developer/msbuild/2003">
  <ItemGroup>
    <Filter Include="Source Files">
      <UniqueIdentifier>{4FC737F1-C7A5-4376-A066-2A32D752A2FF}</UniqueIdentifier>
      <Extensions>cpp;c;cc;cxx;def;odl;idl;hpj;bat;asm;asmx</Extensions>
    </Filter>
    <Filter Include="Header Files">
      <UniqueIdentifier>{93995380-89BD-4b04-88EB-625FBE52EBFB}</UniqueIdentifier>
      <Extensions>h;hh;hpp;hxx;hm;inl;inc;xsd</Extensions>
    </Filter>
    <Filter Include="Misc Files">
      <UniqueIdentifier>{67DA6AB6-F800-4c08-8B7A-83BB121AAD01}</UniqueIdentifier>
      <Extensions>xml;json;txt;rc;ico;cur;bmp;dlg;rc2;rct;bin;rgs;gif;jpg;jpeg;jpe;resx;tiff;tif;png;wav;mfcribbon-ms</Extensions>
    </Filter>
    <Filter Include="Header Files\Sensors">
      <UniqueIdentifier>{06f5169c-5cf6-4df5-ae4f-e977458309ae}</UniqueIdentifier>
    </Filter>
    <Filter Include="Source Files\Sensors">
      <UniqueIdentifier>{8ba0e5d7-64eb-4187-99e0-0b01acfbc9ec}</UniqueIdentifier>
    </Filter>
    <Filter Include="Header Files\SerialConnection">
      <UniqueIdentifier>{ec89abe4-bf79-42a3-9461-61202d8f55df}</UniqueIdentifier>
    </Filter>
    <Filter Include="Source Files\SerialConnection">
      <UniqueIdentifier>{9af1e65c-5ed9-4002-9cc9-0d265b79854d}</UniqueIdentifier>
    </Filter>
    <Filter Include="Header Files\Logic">
      <UniqueIdentifier>{92c362f1-7bc5-445f-9006-405320c59eb0}</UniqueIdentifier>
    </Filter>
    <Filter Include="Source Files\Logic">
      <UniqueIdentifier>{d7893168-b870-4a34-9de2-f20338ecb48b}</UniqueIdentifier>
    </Filter>
    <Filter Include="Header Files\Config">
      <UniqueIdentifier>{a4cfcc76-587d-44e6-9c03-288e48d66db3}</UniqueIdentifier>
    </Filter>
    <Filter Include="Header Files\DataStructures">
      <UniqueIdentifier>{53c4da72-f957-44ff-8918-b7e4e34b04f6}</UniqueIdentifier>
    </Filter>
    <Filter Include="Header Files\STL">
      <UniqueIdentifier>{3e8bd92c-0fd8-4b97-bc29-f9a16a96979d}</UniqueIdentifier>
    </Filter>
    <Filter Include="Header Files\Sensors\VoltageSensor">
      <UniqueIdentifier>{24d6a831-7d5e-45c2-a3a1-e3f70d03b0b9}</UniqueIdentifier>
    </Filter>
    <Filter Include="Header Files\Sensors\CurrentSensor">
      <UniqueIdentifier>{7f1282bd-570a-4c34-8562-31788301b995}</UniqueIdentifier>
    </Filter>
    <Filter Include="Header Files\Sensors\TemperatureSensor">
      <UniqueIdentifier>{e997488f-e857-4b9e-9878-89249f3794fc}</UniqueIdentifier>
    </Filter>
    <Filter Include="Header Files\Logic\TemperatureControl">
      <UniqueIdentifier>{626dc99c-5c69-4964-a919-27abe7a1f228}</UniqueIdentifier>
    </Filter>
    <Filter Include="Header Files\Logic\MOSFETController">
      <UniqueIdentifier>{52c8e802-5d5e-483b-b5a5-ecf6fea44389}</UniqueIdentifier>
    </Filter>
    <Filter Include="Source Files\Sensors\VoltageSensor">
      <UniqueIdentifier>{c457bc71-cc83-4fed-a0ba-4f5ea9d1bc03}</UniqueIdentifier>
    </Filter>
    <Filter Include="Source Files\Sensors\CurrentSensor">
      <UniqueIdentifier>{71dd9eff-90f3-4285-944b-b91bd093aa14}</UniqueIdentifier>
    </Filter>
    <Filter Include="Source Files\Sensors\TemperatureSensor">
      <UniqueIdentifier>{39e64fe4-45fe-4201-966e-0f38f452b4ba}</UniqueIdentifier>
    </Filter>
    <Filter Include="Source Files\Logic\TemperatureControl">
      <UniqueIdentifier>{6b4e3b7d-eaae-48e5-96a3-21bbf06faf3d}</UniqueIdentifier>
    </Filter>
    <Filter Include="Source Files\Logic\MOSFETController">
      <UniqueIdentifier>{298dede2-52c2-4540-bdaa-30d1c446c723}</UniqueIdentifier>
    </Filter>
    <Filter Include="Source Files\DataStructures">
      <UniqueIdentifier>{3cd33939-40cf-4f72-a19b-24006325f003}</UniqueIdentifier>
    </Filter>
    <Filter Include="Header Files\Logic\Services">
      <UniqueIdentifier>{f00cac98-e692-47c9-880b-ceb96deaf896}</UniqueIdentifier>
    </Filter>
    <Filter Include="Source Files\Logic\Services">
      <UniqueIdentifier>{49cd6b60-af3f-4ae1-a771-eb0a3f65ef88}</UniqueIdentifier>
    </Filter>
    <Filter Include="Source Files\Config">
      <UniqueIdentifier>{87ae8808-c479-4167-b193-6f567e313f77}</UniqueIdentifier>
    </Filter>
  </ItemGroup>
  <ItemGroup>
    <None Include="AIEProject.ino" />
    <None Include="src\arduino folders read me.txt">
      <Filter>Misc Files</Filter>
    </None>
  </ItemGroup>
  <ItemGroup>
    <ClInclude Include="__vm\.AIEProject.vsarduino.h">
      <Filter>Header Files</Filter>
    </ClInclude>
    <ClInclude Include="SerialConnection.h">
      <Filter>Header Files\SerialConnection</Filter>
    </ClInclude>
    <ClInclude Include="CoreService.h">
      <Filter>Header Files\Logic</Filter>
    </ClInclude>
    <ClInclude Include="Gyroscope.h">
      <Filter>Header Files\Sensors</Filter>
    </ClInclude>
    <ClInclude Include="Config.h">
      <Filter>Header Files\Config</Filter>
    </ClInclude>
    <ClInclude Include="PINS.h">
      <Filter>Header Files\Config</Filter>
    </ClInclude>
    <ClInclude Include="Cell.h">
      <Filter>Header Files\DataStructures</Filter>
    </ClInclude>
    <ClInclude Include="..\..\..\..\Users\Mateusz Matejko\Downloads\avr-stl-1.1.1\avr-stl\include\avr_config.h">
      <Filter>Header Files\STL</Filter>
    </ClInclude>
    <ClInclude Include="..\..\..\..\Users\Mateusz Matejko\Downloads\avr-stl-1.1.1\avr-stl\include\char_traits.h">
      <Filter>Header Files\STL</Filter>
    </ClInclude>
    <ClInclude Include="..\..\..\..\Users\Mateusz Matejko\Downloads\avr-stl-1.1.1\avr-stl\include\concept_checks.h">
      <Filter>Header Files\STL</Filter>
    </ClInclude>
    <ClInclude Include="..\..\..\..\Users\Mateusz Matejko\Downloads\avr-stl-1.1.1\avr-stl\include\container_concepts.h">
      <Filter>Header Files\STL</Filter>
    </ClInclude>
    <ClInclude Include="..\..\..\..\Users\Mateusz Matejko\Downloads\avr-stl-1.1.1\avr-stl\include\sequence_concepts.h">
      <Filter>Header Files\STL</Filter>
    </ClInclude>
    <ClInclude Include="..\..\..\..\Users\Mateusz Matejko\Downloads\avr-stl-1.1.1\avr-stl\include\stl_algo.h">
      <Filter>Header Files\STL</Filter>
    </ClInclude>
    <ClInclude Include="..\..\..\..\Users\Mateusz Matejko\Downloads\avr-stl-1.1.1\avr-stl\include\stl_algobase.h">
      <Filter>Header Files\STL</Filter>
    </ClInclude>
    <ClInclude Include="..\..\..\..\Users\Mateusz Matejko\Downloads\avr-stl-1.1.1\avr-stl\include\stl_alloc.h">
      <Filter>Header Files\STL</Filter>
    </ClInclude>
    <ClInclude Include="..\..\..\..\Users\Mateusz Matejko\Downloads\avr-stl-1.1.1\avr-stl\include\stl_bvector.h">
      <Filter>Header Files\STL</Filter>
    </ClInclude>
    <ClInclude Include="..\..\..\..\Users\Mateusz Matejko\Downloads\avr-stl-1.1.1\avr-stl\include\stl_config.h">
      <Filter>Header Files\STL</Filter>
    </ClInclude>
    <ClInclude Include="..\..\..\..\Users\Mateusz Matejko\Downloads\avr-stl-1.1.1\avr-stl\include\stl_construct.h">
      <Filter>Header Files\STL</Filter>
    </ClInclude>
    <ClInclude Include="..\..\..\..\Users\Mateusz Matejko\Downloads\avr-stl-1.1.1\avr-stl\include\stl_ctraits_fns.h">
      <Filter>Header Files\STL</Filter>
    </ClInclude>
    <ClInclude Include="..\..\..\..\Users\Mateusz Matejko\Downloads\avr-stl-1.1.1\avr-stl\include\stl_deque.h">
      <Filter>Header Files\STL</Filter>
    </ClInclude>
    <ClInclude Include="..\..\..\..\Users\Mateusz Matejko\Downloads\avr-stl-1.1.1\avr-stl\include\stl_function.h">
      <Filter>Header Files\STL</Filter>
    </ClInclude>
    <ClInclude Include="..\..\..\..\Users\Mateusz Matejko\Downloads\avr-stl-1.1.1\avr-stl\include\stl_hash_fun.h">
      <Filter>Header Files\STL</Filter>
    </ClInclude>
    <ClInclude Include="..\..\..\..\Users\Mateusz Matejko\Downloads\avr-stl-1.1.1\avr-stl\include\stl_hash_map.h">
      <Filter>Header Files\STL</Filter>
    </ClInclude>
    <ClInclude Include="..\..\..\..\Users\Mateusz Matejko\Downloads\avr-stl-1.1.1\avr-stl\include\stl_hash_set.h">
      <Filter>Header Files\STL</Filter>
    </ClInclude>
    <ClInclude Include="..\..\..\..\Users\Mateusz Matejko\Downloads\avr-stl-1.1.1\avr-stl\include\stl_hashtable.h">
      <Filter>Header Files\STL</Filter>
    </ClInclude>
    <ClInclude Include="..\..\..\..\Users\Mateusz Matejko\Downloads\avr-stl-1.1.1\avr-stl\include\stl_heap.h">
      <Filter>Header Files\STL</Filter>
    </ClInclude>
    <ClInclude Include="..\..\..\..\Users\Mateusz Matejko\Downloads\avr-stl-1.1.1\avr-stl\include\stl_iterator.h">
      <Filter>Header Files\STL</Filter>
    </ClInclude>
    <ClInclude Include="..\..\..\..\Users\Mateusz Matejko\Downloads\avr-stl-1.1.1\avr-stl\include\stl_iterator_base.h">
      <Filter>Header Files\STL</Filter>
    </ClInclude>
    <ClInclude Include="..\..\..\..\Users\Mateusz Matejko\Downloads\avr-stl-1.1.1\avr-stl\include\stl_list.h">
      <Filter>Header Files\STL</Filter>
    </ClInclude>
    <ClInclude Include="..\..\..\..\Users\Mateusz Matejko\Downloads\avr-stl-1.1.1\avr-stl\include\stl_map.h">
      <Filter>Header Files\STL</Filter>
    </ClInclude>
    <ClInclude Include="..\..\..\..\Users\Mateusz Matejko\Downloads\avr-stl-1.1.1\avr-stl\include\stl_multimap.h">
      <Filter>Header Files\STL</Filter>
    </ClInclude>
    <ClInclude Include="..\..\..\..\Users\Mateusz Matejko\Downloads\avr-stl-1.1.1\avr-stl\include\stl_multiset.h">
      <Filter>Header Files\STL</Filter>
    </ClInclude>
    <ClInclude Include="..\..\..\..\Users\Mateusz Matejko\Downloads\avr-stl-1.1.1\avr-stl\include\stl_numeric.h">
      <Filter>Header Files\STL</Filter>
    </ClInclude>
    <ClInclude Include="..\..\..\..\Users\Mateusz Matejko\Downloads\avr-stl-1.1.1\avr-stl\include\stl_pair.h">
      <Filter>Header Files\STL</Filter>
    </ClInclude>
    <ClInclude Include="..\..\..\..\Users\Mateusz Matejko\Downloads\avr-stl-1.1.1\avr-stl\include\stl_queue.h">
      <Filter>Header Files\STL</Filter>
    </ClInclude>
    <ClInclude Include="..\..\..\..\Users\Mateusz Matejko\Downloads\avr-stl-1.1.1\avr-stl\include\stl_range_errors.h">
      <Filter>Header Files\STL</Filter>
    </ClInclude>
    <ClInclude Include="..\..\..\..\Users\Mateusz Matejko\Downloads\avr-stl-1.1.1\avr-stl\include\stl_raw_storage_iter.h">
      <Filter>Header Files\STL</Filter>
    </ClInclude>
    <ClInclude Include="..\..\..\..\Users\Mateusz Matejko\Downloads\avr-stl-1.1.1\avr-stl\include\stl_relops.h">
      <Filter>Header Files\STL</Filter>
    </ClInclude>
    <ClInclude Include="..\..\..\..\Users\Mateusz Matejko\Downloads\avr-stl-1.1.1\avr-stl\include\stl_set.h">
      <Filter>Header Files\STL</Filter>
    </ClInclude>
    <ClInclude Include="..\..\..\..\Users\Mateusz Matejko\Downloads\avr-stl-1.1.1\avr-stl\include\stl_slist.h">
      <Filter>Header Files\STL</Filter>
    </ClInclude>
    <ClInclude Include="..\..\..\..\Users\Mateusz Matejko\Downloads\avr-stl-1.1.1\avr-stl\include\stl_stack.h">
      <Filter>Header Files\STL</Filter>
    </ClInclude>
    <ClInclude Include="..\..\..\..\Users\Mateusz Matejko\Downloads\avr-stl-1.1.1\avr-stl\include\stl_string_fwd.h">
      <Filter>Header Files\STL</Filter>
    </ClInclude>
    <ClInclude Include="..\..\..\..\Users\Mateusz Matejko\Downloads\avr-stl-1.1.1\avr-stl\include\stl_tempbuf.h">
      <Filter>Header Files\STL</Filter>
    </ClInclude>
    <ClInclude Include="..\..\..\..\Users\Mateusz Matejko\Downloads\avr-stl-1.1.1\avr-stl\include\stl_tree.h">
      <Filter>Header Files\STL</Filter>
    </ClInclude>
    <ClInclude Include="..\..\..\..\Users\Mateusz Matejko\Downloads\avr-stl-1.1.1\avr-stl\include\stl_uninitialized.h">
      <Filter>Header Files\STL</Filter>
    </ClInclude>
    <ClInclude Include="..\..\..\..\Users\Mateusz Matejko\Downloads\avr-stl-1.1.1\avr-stl\include\stl_vector.h">
      <Filter>Header Files\STL</Filter>
    </ClInclude>
    <ClInclude Include="..\..\..\..\Users\Mateusz Matejko\Downloads\avr-stl-1.1.1\avr-stl\include\type_traits.h">
      <Filter>Header Files\STL</Filter>
    </ClInclude>
    <ClInclude Include="IVoltageSensor.h">
      <Filter>Header Files\Sensors\VoltageSensor</Filter>
    </ClInclude>
    <ClInclude Include="VoltageSensor.h">
      <Filter>Header Files\Sensors\VoltageSensor</Filter>
    </ClInclude>
    <ClInclude Include="CurrentSensor.h">
      <Filter>Header Files\Sensors\CurrentSensor</Filter>
    </ClInclude>
    <ClInclude Include="ICurrentSensor.h">
      <Filter>Header Files\Sensors\CurrentSensor</Filter>
    </ClInclude>
    <ClInclude Include="TemperatureSensor.h">
      <Filter>Header Files\Sensors\TemperatureSensor</Filter>
    </ClInclude>
    <ClInclude Include="ITemperatureSensor.h">
      <Filter>Header Files\Sensors\TemperatureSensor</Filter>
    </ClInclude>
    <ClInclude Include="ISensor.h">
      <Filter>Header Files\Sensors</Filter>
    </ClInclude>
    <ClInclude Include="TemperatureControl.h">
      <Filter>Header Files\Logic\TemperatureControl</Filter>
    </ClInclude>
    <ClInclude Include="MOSFETController.h">
      <Filter>Header Files\Logic\MOSFETController</Filter>
    </ClInclude>
    <ClInclude Include="ChargingService.h">
      <Filter>Header Files\Logic\Services</Filter>
    </ClInclude>
    <ClInclude Include="IoCContainer.h">
      <Filter>Header Files\Config</Filter>
    </ClInclude>
    <ClInclude Include="IChargingService.h">
      <Filter>Header Files\Logic\Services</Filter>
    </ClInclude>
    <ClInclude Include="IService.h">
      <Filter>Header Files\Logic\Services</Filter>
    </ClInclude>
    <ClInclude Include="BalancingService.h">
      <Filter>Header Files\Logic\Services</Filter>
    </ClInclude>
    <ClInclude Include="IBalancingService.h">
      <Filter>Header Files\Logic\Services</Filter>
    </ClInclude>
    <ClInclude Include="Utilities.h">
      <Filter>Header Files</Filter>
    </ClInclude>
  </ItemGroup>
  <ItemGroup>
    <ClCompile Include="SerialConnection.cpp">
      <Filter>Source Files\SerialConnection</Filter>
    </ClCompile>
    <ClCompile Include="CoreService.cpp">
      <Filter>Source Files\Logic</Filter>
    </ClCompile>
    <ClCompile Include="..\..\..\..\Users\Mateusz Matejko\Downloads\avr-stl-1.1.1\avr-stl\include\pnew.cpp">
      <Filter>Header Files\STL</Filter>
    </ClCompile>
    <ClCompile Include="Gyroscope.cpp">
      <Filter>Source Files\Sensors</Filter>
    </ClCompile>
    <ClCompile Include="VoltageSensor.cpp">
      <Filter>Source Files\Sensors\VoltageSensor</Filter>
    </ClCompile>
    <ClCompile Include="CurrentSensor.cpp">
      <Filter>Source Files\Sensors\CurrentSensor</Filter>
    </ClCompile>
    <ClCompile Include="TemperatureSensor.cpp">
      <Filter>Source Files\Sensors\TemperatureSensor</Filter>
    </ClCompile>
    <ClCompile Include="TemperatureControl.cpp">
      <Filter>Source Files\Logic\TemperatureControl</Filter>
    </ClCompile>
    <ClCompile Include="MOSFETController.cpp">
      <Filter>Source Files\Logic\MOSFETController</Filter>
    </ClCompile>
    <ClCompile Include="Cell.cpp">
      <Filter>Source Files\DataStructures</Filter>
    </ClCompile>
    <ClCompile Include="ChargingService.cpp">
      <Filter>Source Files\Logic\Services</Filter>
    </ClCompile>
    <ClCompile Include="IoCContainer.cpp">
      <Filter>Source Files\Config</Filter>
    </ClCompile>
    <ClCompile Include="BalancingService.cpp">
      <Filter>Source Files\Logic\Services</Filter>
    </ClCompile>
    <ClCompile Include="Utilities.cpp">
      <Filter>Source Files</Filter>
    </ClCompile>
    <ClCompile Include="IBalancingService.cpp">
      <Filter>Source Files\Logic\Services</Filter>
    </ClCompile>
    <ClCompile Include="IChargingService.cpp">
      <Filter>Source Files\Logic\Services</Filter>
    </ClCompile>
  </ItemGroup>
</Project>